# Resolved 2026-09-07, CPython 3.12, from glm_minimal_v1/requirements/pod-b300.txt.
# Install with --extra-index-url https://download.pytorch.org/whl/cu130.
absl-py==2.5.0
accelerate==1.13.0
addict==2.4.0
adlfs==2026.8.0
aiobotocore==3.9.0
aiohappyeyeballs==2.7.1
aiohttp==3.14.3
aioitertools==0.13.0
aiosignal==1.4.0
annotated-doc==0.0.5
annotated-types==0.8.0
antlr4-python3-runtime==4.13.2
anyio==4.15.1
art==6.5
attrs==26.1.0
axolotl==0.17.0
axolotl-contribs-lgpl==0.0.7
axolotl-contribs-mit==0.0.6
azure-core==1.41.0
azure-identity==1.25.3
azure-storage-blob==12.30.1
backoff==2.2.1
bitsandbytes==0.49.1
botocore==1.43.56
brotli==1.2.0
cbor2==6.1.4
certifi==2026.7.22
cffi==2.1.1
chardet==6.0.0.post1
charset-normalizer==3.5.1
circuitbreaker==2.1.3
click==8.5.0
cloudpickle==3.1.2
colorama==0.4.6
coloredlogs==15.0.1
crc32c==2.8
cryptography==50.0.1
cuda-bindings==13.3.1
cuda-pathfinder==1.8.1
cuda-toolkit==13.0.2
cut-cross-entropy @ git+https://github.com/axolotl-ai-cloud/ml-cross-entropy.git@fec1a888e6f4ad7e6270ea7b02186e56c76f5ac2
dataproperty==1.1.1
datasets==4.8.5
decorator==5.3.1
defusedxml==0.7.1
dill==0.4.1
distro==1.9.0
einops==0.8.2
evaluate==0.4.1
fastapi==0.141.1
fastcore==2.2.22
filelock==3.32.5
fire==0.7.1
fla-core==0.4.1
flash-linear-attention==0.4.1
frozenlist==1.8.0
fsspec==2026.2.0
gcsfs==2026.2.0
google-api-core==2.36.0
google-auth==2.57.1
google-auth-oauthlib==1.4.1
google-cloud-core==2.7.0
google-cloud-storage==3.13.1
google-cloud-storage-control==1.15.0
google-crc32c==1.8.0
google-resumable-media==2.10.2
googleapis-common-protos==1.75.3
gradio==6.26.0
gradio-client==2.6.1
groovy==0.1.2
grpc-google-iam-v1==0.14.5
grpcio==1.83.1
grpcio-status==1.83.1
grpclib==0.4.9
h11==0.16.0
h2==4.4.1
hf-gradio==0.4.1
hf-transfer==0.1.9
hf-xet==1.4.3
hpack==4.2.0
httpcore==1.0.9
httptools==0.8.0
httpx==0.28.1
huggingface-hub==1.18.0
humanfriendly==10.0
hyperframe==6.1.0
idna==3.19
immutabledict==4.2.0
isodate==0.7.2
jinja2==3.1.6
jmespath==1.1.0
joblib==1.6.0
jsonlines==4.0.0
jsonschema==4.26.0
jsonschema-specifications==2025.9.1
kernels==0.13.0
langdetect==1.0.9
liger-kernel==0.7.0
llvmlite==0.49.0
lm-eval==0.4.11
lxml==6.1.3
markdown==3.10.3
markdown-it-py==4.2.0
markupsafe==3.0.3
mbstrdecoder==1.1.5
mdurl==0.1.2
mistral-common==1.11.0
modal==1.3.0.post1
more-itertools==11.1.0
mpmath==1.3.0
msal==1.38.0
msal-extensions==1.3.1
multidict==6.7.1
multiprocess==0.70.19
narwhals==2.25.0
networkx==3.6.1
nltk==3.10.3
numba==0.67.0
numpy==2.3.5
nvidia-cublas==13.1.1.3
nvidia-cuda-cupti==13.0.85
nvidia-cuda-nvrtc==13.0.88
nvidia-cuda-runtime==13.0.96
nvidia-cudnn-cu13==9.20.0.48
nvidia-cufft==12.0.0.61
nvidia-cufile==1.15.1.6
nvidia-curand==10.4.0.35
nvidia-cusolver==12.0.4.66
nvidia-cusparse==12.6.3.3
nvidia-cusparselt-cu13==0.8.1
nvidia-ml-py==12.560.30
nvidia-nccl-cu13==2.29.7
nvidia-nvjitlink==13.0.88
nvidia-nvshmem-cu13==3.4.5
nvidia-nvtx==13.0.85
oauthlib==3.3.1
oci==2.185.1
ocifs==1.3.2
openenv-core==0.1.0
opentelemetry-api==1.44.0
optimum==1.16.2
orjson==3.12.0
packaging==26.0
pandas==3.0.5
pathvalidate==3.3.1
peft==0.19.1
pillow==12.3.0
platformdirs==4.11.7
portalocker==4.3.0
posthog==6.7.11
propcache==0.5.2
proto-plus==1.28.4
protobuf==6.33.6
psutil==7.2.2
pyarrow==25.0.1
pyasn1==0.6.4
pyasn1-modules==0.4.2
pycountry==26.2.16
pycparser==3.0
pydantic==2.13.5
pydantic-core==2.46.5
pydantic-extra-types==2.11.1
pydub==0.25.1
pygments==2.21.0
pyjwt==2.13.0
pyopenssl==26.4.0
pytablewriter==1.2.1
python-dateutil==2.9.0.post0
python-dotenv==1.0.1
python-multipart==0.0.32
pytz==2026.3.post1
pyyaml==6.0.3
referencing==0.37.0
regex==2026.9.3
requests==2.34.2
requests-oauthlib==2.0.0
responses==0.18.0
rich==15.0.0
rouge-score==0.1.2
rpds-py==2026.6.3
s3fs==2026.2.0
sacrebleu==2.6.0
safehttpx==0.1.7
safetensors==0.8.0
schedulefree==1.4.1
scikit-learn==1.9.0
scipy==1.18.1
semantic-version==2.10.0
sentencepiece==0.2.2
sentry-sdk==2.68.1
setuptools==81.0.0
shellingham==1.5.4
six==1.17.0
sqlitedict==2.1.0
starlette==1.6.0
sympy==1.14.0
synchronicity==0.11.1
tabledata==1.3.5
tabulate==0.10.0
tcolorpy==0.1.7
tensorboard==2.21.0
tensorboard-data-server==0.7.2
termcolor==3.3.0
threadpoolctl==3.6.0
tiktoken==0.14.0
tokenizers==0.22.2
toml==0.10.2
tomlkit==0.14.0
torch==2.12.1+cu130
torchao==0.17.0+cu130
torchvision==0.27.1+cu130
tqdm==4.70.0
trackio==0.37.0
transformers==5.9.0
triton==3.7.1
trl==1.5.1
typepy==1.3.5
typer==0.25.1
types-certifi==2021.10.8.3
types-toml==0.10.8.20260518
typing-extensions==4.16.0
typing-inspection==0.4.4
urllib3==2.7.0
uvicorn==0.52.4
uvloop==0.22.1
wandb==0.29.0
watchfiles==1.2.0
websockets==17.1
werkzeug==3.1.8
word2number==1.1
wrapt==2.4.0
xformers==0.0.35
xxhash==4.0.1
yarl==1.24.5
zstandard==0.22.0
